Microsoft Visual Studio Solution File, Format Version 12.00
# Visual Studio Version 17
VisualStudioVersion = 17.5.2.0
MinimumVisualStudioVersion = 10.0.40219.1
Project("{FAE04EC0-301F-11D3-BF4B-00C04F79EFBC}") = "LocationTracker", "LocationTracker.csproj", "{D9BFA403-B6AF-2EB3-9461-6D0B8E9D42A9}"
EndProject
Global
	GlobalSection(SolutionConfigurationPlatforms) = preSolution
		Debug|Any CPU = Debug|Any CPU
		Release|Any CPU = Release|Any CPU
	EndGlobalSection
	GlobalSection(ProjectConfigurationPlatforms) = postSolution
		{D9BFA403-B6AF-2EB3-9461-6D0B8E9D42A9}.Debug|Any CPU.ActiveCfg = Debug|Any CPU
		{D9BFA403-B6AF-2EB3-9461-6D0B8E9D42A9}.Debug|Any CPU.Build.0 = Debug|Any CPU
		{D9BFA403-B6AF-2EB3-9461-6D0B8E9D42A9}.Release|Any CPU.ActiveCfg = Release|Any CPU
		{D9BFA403-B6AF-2EB3-9461-6D0B8E9D42A9}.Release|Any CPU.Build.0 = Release|Any CPU
	EndGlobalSection
	GlobalSection(SolutionProperties) = preSolution
		HideSolutionNode = FALSE
	EndGlobalSection
	GlobalSection(ExtensibilityGlobals) = postSolution
		SolutionGuid = {60C08A10-E2F5-4CFA-91B5-0A2ECD186501}
	EndGlobalSection
EndGlobal
